
Microsoft Visual Studio Solution File, Format Version 12.00
# Visual Studio 15
VisualStudioVersion = 15.0.26730.16
MinimumVisualStudioVersion = 10.0.40219.1
Project("{FAE04EC0-301F-11D3-BF4B-00C04F79EFBC}") = "GoodEats", "GoodEats\GoodEats.csproj", "{93127803-10F6-442F-87E7-3C496FAEA0BD}"
EndProject
Global
	GlobalSection(SolutionConfigurationPlatforms) = preSolution
		Debug|Any CPU = Debug|Any CPU
		Release|Any CPU = Release|Any CPU
	EndGlobalSection
	GlobalSection(ProjectConfigurationPlatforms) = postSolution
		{93127803-10F6-442F-87E7-3C496FAEA0BD}.Debug|Any CPU.ActiveCfg = Debug|Any CPU
		{93127803-10F6-442F-87E7-3C496FAEA0BD}.Debug|Any CPU.Build.0 = Debug|Any CPU
		{93127803-10F6-442F-87E7-3C496FAEA0BD}.Release|Any CPU.ActiveCfg = Release|Any CPU
		{93127803-10F6-442F-87E7-3C496FAEA0BD}.Release|Any CPU.Build.0 = Release|Any CPU
	EndGlobalSection
	GlobalSection(SolutionProperties) = preSolution
		HideSolutionNode = FALSE
	EndGlobalSection
	GlobalSection(ExtensibilityGlobals) = postSolution
		SolutionGuid = {84E34E45-4EFD-4CFE-A2CE-EFFAEAEC52F3}
	EndGlobalSection
EndGlobal
